
Microsoft Visual Studio Solution File, Format Version 12.00
# Visual Studio 14
VisualStudioVersion = 14.0.23107.0
MinimumVisualStudioVersion = 10.0.40219.1
Project("{F184B08F-C81C-45F6-A57F-5ABD9991F28F}") = "appParimpar", "appParimpar\appParimpar.vbproj", "{CA6D1247-64ED-4520-AEA8-7ED81A4AD341}"
EndProject
Global
	GlobalSection(SolutionConfigurationPlatforms) = preSolution
		Debug|Any CPU = Debug|Any CPU
		Release|Any CPU = Release|Any CPU
	EndGlobalSection
	GlobalSection(ProjectConfigurationPlatforms) = postSolution
		{CA6D1247-64ED-4520-AEA8-7ED81A4AD341}.Debug|Any CPU.ActiveCfg = Debug|Any CPU
		{CA6D1247-64ED-4520-AEA8-7ED81A4AD341}.Debug|Any CPU.Build.0 = Debug|Any CPU
		{CA6D1247-64ED-4520-AEA8-7ED81A4AD341}.Release|Any CPU.ActiveCfg = Release|Any CPU
		{CA6D1247-64ED-4520-AEA8-7ED81A4AD341}.Release|Any CPU.Build.0 = Release|Any CPU
	EndGlobalSection
	GlobalSection(SolutionProperties) = preSolution
		HideSolutionNode = FALSE
	EndGlobalSection
EndGlobal
