
Microsoft Visual Studio Solution File, Format Version 12.00
# Visual Studio 15
VisualStudioVersion = 15.0.26228.9
MinimumVisualStudioVersion = 10.0.40219.1
Project("{F184B08F-C81C-45F6-A57F-5ABD9991F28F}") = "appModule", "appModule\appModule.vbproj", "{096ECB2E-A15D-472D-ADA0-3420B0F408B0}"
EndProject
Global
	GlobalSection(SolutionConfigurationPlatforms) = preSolution
		Debug|Any CPU = Debug|Any CPU
		Release|Any CPU = Release|Any CPU
	EndGlobalSection
	GlobalSection(ProjectConfigurationPlatforms) = postSolution
		{096ECB2E-A15D-472D-ADA0-3420B0F408B0}.Debug|Any CPU.ActiveCfg = Debug|Any CPU
		{096ECB2E-A15D-472D-ADA0-3420B0F408B0}.Debug|Any CPU.Build.0 = Debug|Any CPU
		{096ECB2E-A15D-472D-ADA0-3420B0F408B0}.Release|Any CPU.ActiveCfg = Release|Any CPU
		{096ECB2E-A15D-472D-ADA0-3420B0F408B0}.Release|Any CPU.Build.0 = Release|Any CPU
	EndGlobalSection
	GlobalSection(SolutionProperties) = preSolution
		HideSolutionNode = FALSE
	EndGlobalSection
EndGlobal
